
Microsoft Visual Studio Solution File, Format Version 12.00
# Visual Studio Version 17
VisualStudioVersion = 17.5.002.0
MinimumVisualStudioVersion = 10.0.40219.1
Project("{9A19103F-16F7-4668-BE54-9A1E7A4F7556}") = "tst", "tst.csproj", "{10C01FF2-A5E3-4E78-9F30-101B3C9DA94C}"
EndProject
Global
	GlobalSection(SolutionConfigurationPlatforms) = preSolution
		Debug|Any CPU = Debug|Any CPU
		Release|Any CPU = Release|Any CPU
	EndGlobalSection
	GlobalSection(ProjectConfigurationPlatforms) = postSolution
		{10C01FF2-A5E3-4E78-9F30-101B3C9DA94C}.Debug|Any CPU.ActiveCfg = Debug|Any CPU
		{10C01FF2-A5E3-4E78-9F30-101B3C9DA94C}.Debug|Any CPU.Build.0 = Debug|Any CPU
		{10C01FF2-A5E3-4E78-9F30-101B3C9DA94C}.Release|Any CPU.ActiveCfg = Release|Any CPU
		{10C01FF2-A5E3-4E78-9F30-101B3C9DA94C}.Release|Any CPU.Build.0 = Release|Any CPU
	EndGlobalSection
	GlobalSection(SolutionProperties) = preSolution
		HideSolutionNode = FALSE
	EndGlobalSection
	GlobalSection(ExtensibilityGlobals) = postSolution
		SolutionGuid = {596E8DD7-35BA-4A52-BA80-05AF25C562DF}
	EndGlobalSection
EndGlobal
